
Microsoft Visual Studio Solution File, Format Version 12.00
# Visual Studio 14
VisualStudioVersion = 14.0.23107.0
MinimumVisualStudioVersion = 10.0.40219.1
Project("{FAE04EC0-301F-11D3-BF4B-00C04F79EFBC}") = "管理后台", "..\..\..\..\anli\商家公共平台\Web\Web\管理后台.csproj", "{FA5FA2CE-06BB-43D4-92B0-4AE9D8066181}"
EndProject
Project("{FAE04EC0-301F-11D3-BF4B-00C04F79EFBC}") = "Ajax", "..\..\..\..\anli\商家公共平台\Ajax\Ajax.csproj", "{FF735421-C80C-4623-BA36-4EC1BCC5ACF8}"
EndProject
Project("{FAE04EC0-301F-11D3-BF4B-00C04F79EFBC}") = "BLL", "..\..\..\..\anli\商家公共平台\BLL\BLL.csproj", "{509E8254-50E2-4B79-B148-809B51C87489}"
EndProject
Project("{FAE04EC0-301F-11D3-BF4B-00C04F79EFBC}") = "Common", "..\..\..\..\anli\商家公共平台\Common\Common.csproj", "{EC06AE7D-9D14-410E-8A15-0ED8EC4112CE}"
EndProject
Project("{FAE04EC0-301F-11D3-BF4B-00C04F79EFBC}") = "BPage", "..\..\..\..\anli\商家公共平台\BPage\BPage.csproj", "{0F469D80-3BFE-4745-9434-9FBB04DD8D8B}"
EndProject
Project("{FAE04EC0-301F-11D3-BF4B-00C04F79EFBC}") = "Model", "..\..\..\..\anli\商家公共平台\Model\Model.csproj", "{577B9B4B-BB31-46EA-AE73-E7E34AAAF16A}"
EndProject
Project("{FAE04EC0-301F-11D3-BF4B-00C04F79EFBC}") = "DAL", "..\..\..\..\anli\商家公共平台\DAL\DAL.csproj", "{F08CED5E-00B5-4508-BA65-39137ECEAF19}"
EndProject
Project("{FAE04EC0-301F-11D3-BF4B-00C04F79EFBC}") = "DBTools", "..\..\..\..\anli\商家公共平台\DBTools\DBTools.csproj", "{F2AB7F8C-CEA9-4196-B283-19BCD5E81B57}"
EndProject
Project("{FAE04EC0-301F-11D3-BF4B-00C04F79EFBC}") = "cn.jpush.api", "..\..\..\..\anli\商家公共平台\cn.jpush.api\cn.jpush.api.csproj", "{E281D457-F259-4F0B-8608-16C81D8AE97B}"
EndProject
Project("{E24C65DC-7377-472B-9ABA-BC803B73C61A}") = "力拓软件掌上后台", "..\..\..\..\anli\商家公共平台\力拓软件掌上后台", "{549F91A2-46BB-45D8-9DF7-B570CB1C4756}"
	ProjectSection(WebsiteProperties) = preProject
		TargetFrameworkMoniker = ".NETFramework,Version%3Dv4.0"
		Debug.AspNetCompiler.VirtualPath = "/localhost_56882"
		Debug.AspNetCompiler.PhysicalPath = "..\..\..\..\anli\商家公共平台\力拓软件掌上后台\"
		Debug.AspNetCompiler.TargetPath = "PrecompiledWeb\localhost_56882\"
		Debug.AspNetCompiler.Updateable = "true"
		Debug.AspNetCompiler.ForceOverwrite = "true"
		Debug.AspNetCompiler.FixedNames = "false"
		Debug.AspNetCompiler.Debug = "True"
		Release.AspNetCompiler.VirtualPath = "/localhost_56882"
		Release.AspNetCompiler.PhysicalPath = "..\..\..\..\anli\商家公共平台\力拓软件掌上后台\"
		Release.AspNetCompiler.TargetPath = "PrecompiledWeb\localhost_56882\"
		Release.AspNetCompiler.Updateable = "true"
		Release.AspNetCompiler.ForceOverwrite = "true"
		Release.AspNetCompiler.FixedNames = "false"
		Release.AspNetCompiler.Debug = "False"
		VWDPort = "56882"
		SlnRelativePath = "..\..\..\..\anli\商家公共平台\力拓软件掌上后台\"
	EndProjectSection
EndProject
Project("{E24C65DC-7377-472B-9ABA-BC803B73C61A}") = "MerReport", "..\..\..\..\anli\MerReport", "{55EDCA4D-E79E-45C7-8BD2-C9D9AFFCEE3F}"
	ProjectSection(WebsiteProperties) = preProject
		TargetFrameworkMoniker = ".NETFramework,Version%3Dv4.5.1"
		ProjectReferences = "{ff735421-c80c-4623-ba36-4ec1bcc5acf8}|Ajax.dll;{509E8254-50E2-4B79-B148-809B51C87489}|BLL.dll;{EC06AE7D-9D14-410E-8A15-0ED8EC4112CE}|Common.dll;{577B9B4B-BB31-46EA-AE73-E7E34AAAF16A}|Model.dll;{F08CED5E-00B5-4508-BA65-39137ECEAF19}|DAL.dll;{F2AB7F8C-CEA9-4196-B283-19BCD5E81B57}|DBTools.dll;{E281D457-F259-4F0B-8608-16C81D8AE97B}|jpush-api.dll;{0F469D80-3BFE-4745-9434-9FBB04DD8D8B}|BPage.dll;"
		Debug.AspNetCompiler.VirtualPath = "/localhost_17588"
		Debug.AspNetCompiler.PhysicalPath = "..\..\..\..\anli\MerReport\"
		Debug.AspNetCompiler.TargetPath = "PrecompiledWeb\localhost_17588\"
		Debug.AspNetCompiler.Updateable = "true"
		Debug.AspNetCompiler.ForceOverwrite = "true"
		Debug.AspNetCompiler.FixedNames = "false"
		Debug.AspNetCompiler.Debug = "True"
		Release.AspNetCompiler.VirtualPath = "/localhost_17588"
		Release.AspNetCompiler.PhysicalPath = "..\..\..\..\anli\MerReport\"
		Release.AspNetCompiler.TargetPath = "PrecompiledWeb\localhost_17588\"
		Release.AspNetCompiler.Updateable = "true"
		Release.AspNetCompiler.ForceOverwrite = "true"
		Release.AspNetCompiler.FixedNames = "false"
		Release.AspNetCompiler.Debug = "False"
		VWDPort = "17588"
		SlnRelativePath = "..\..\..\..\anli\MerReport\"
	EndProjectSection
EndProject
Global
	GlobalSection(SolutionConfigurationPlatforms) = preSolution
		33|Any CPU = 33|Any CPU
		Debug|Any CPU = Debug|Any CPU
		Release|Any CPU = Release|Any CPU
	EndGlobalSection
	GlobalSection(ProjectConfigurationPlatforms) = postSolution
		{FA5FA2CE-06BB-43D4-92B0-4AE9D8066181}.33|Any CPU.ActiveCfg = Release|Any CPU
		{FA5FA2CE-06BB-43D4-92B0-4AE9D8066181}.33|Any CPU.Build.0 = Release|Any CPU
		{FA5FA2CE-06BB-43D4-92B0-4AE9D8066181}.Debug|Any CPU.ActiveCfg = Debug|Any CPU
		{FA5FA2CE-06BB-43D4-92B0-4AE9D8066181}.Debug|Any CPU.Build.0 = Debug|Any CPU
		{FA5FA2CE-06BB-43D4-92B0-4AE9D8066181}.Release|Any CPU.ActiveCfg = Release|Any CPU
		{FA5FA2CE-06BB-43D4-92B0-4AE9D8066181}.Release|Any CPU.Build.0 = Release|Any CPU
		{FF735421-C80C-4623-BA36-4EC1BCC5ACF8}.33|Any CPU.ActiveCfg = Release|Any CPU
		{FF735421-C80C-4623-BA36-4EC1BCC5ACF8}.33|Any CPU.Build.0 = Release|Any CPU
		{FF735421-C80C-4623-BA36-4EC1BCC5ACF8}.Debug|Any CPU.ActiveCfg = Debug|Any CPU
		{FF735421-C80C-4623-BA36-4EC1BCC5ACF8}.Debug|Any CPU.Build.0 = Debug|Any CPU
		{FF735421-C80C-4623-BA36-4EC1BCC5ACF8}.Release|Any CPU.ActiveCfg = Release|Any CPU
		{FF735421-C80C-4623-BA36-4EC1BCC5ACF8}.Release|Any CPU.Build.0 = Release|Any CPU
		{509E8254-50E2-4B79-B148-809B51C87489}.33|Any CPU.ActiveCfg = 33|Any CPU
		{509E8254-50E2-4B79-B148-809B51C87489}.33|Any CPU.Build.0 = 33|Any CPU
		{509E8254-50E2-4B79-B148-809B51C87489}.Debug|Any CPU.ActiveCfg = Debug|Any CPU
		{509E8254-50E2-4B79-B148-809B51C87489}.Debug|Any CPU.Build.0 = Debug|Any CPU
		{509E8254-50E2-4B79-B148-809B51C87489}.Release|Any CPU.ActiveCfg = Release|Any CPU
		{509E8254-50E2-4B79-B148-809B51C87489}.Release|Any CPU.Build.0 = Release|Any CPU
		{EC06AE7D-9D14-410E-8A15-0ED8EC4112CE}.33|Any CPU.ActiveCfg = Release|Any CPU
		{EC06AE7D-9D14-410E-8A15-0ED8EC4112CE}.33|Any CPU.Build.0 = Release|Any CPU
		{EC06AE7D-9D14-410E-8A15-0ED8EC4112CE}.Debug|Any CPU.ActiveCfg = Debug|Any CPU
		{EC06AE7D-9D14-410E-8A15-0ED8EC4112CE}.Debug|Any CPU.Build.0 = Debug|Any CPU
		{EC06AE7D-9D14-410E-8A15-0ED8EC4112CE}.Release|Any CPU.ActiveCfg = Release|Any CPU
		{EC06AE7D-9D14-410E-8A15-0ED8EC4112CE}.Release|Any CPU.Build.0 = Release|Any CPU
		{0F469D80-3BFE-4745-9434-9FBB04DD8D8B}.33|Any CPU.ActiveCfg = Release|Any CPU
		{0F469D80-3BFE-4745-9434-9FBB04DD8D8B}.33|Any CPU.Build.0 = Release|Any CPU
		{0F469D80-3BFE-4745-9434-9FBB04DD8D8B}.Debug|Any CPU.ActiveCfg = Debug|Any CPU
		{0F469D80-3BFE-4745-9434-9FBB04DD8D8B}.Debug|Any CPU.Build.0 = Debug|Any CPU
		{0F469D80-3BFE-4745-9434-9FBB04DD8D8B}.Release|Any CPU.ActiveCfg = Release|Any CPU
		{0F469D80-3BFE-4745-9434-9FBB04DD8D8B}.Release|Any CPU.Build.0 = Release|Any CPU
		{577B9B4B-BB31-46EA-AE73-E7E34AAAF16A}.33|Any CPU.ActiveCfg = Release|Any CPU
		{577B9B4B-BB31-46EA-AE73-E7E34AAAF16A}.33|Any CPU.Build.0 = Release|Any CPU
		{577B9B4B-BB31-46EA-AE73-E7E34AAAF16A}.Debug|Any CPU.ActiveCfg = Debug|Any CPU
		{577B9B4B-BB31-46EA-AE73-E7E34AAAF16A}.Debug|Any CPU.Build.0 = Debug|Any CPU
		{577B9B4B-BB31-46EA-AE73-E7E34AAAF16A}.Release|Any CPU.ActiveCfg = Release|Any CPU
		{577B9B4B-BB31-46EA-AE73-E7E34AAAF16A}.Release|Any CPU.Build.0 = Release|Any CPU
		{F08CED5E-00B5-4508-BA65-39137ECEAF19}.33|Any CPU.ActiveCfg = Release|Any CPU
		{F08CED5E-00B5-4508-BA65-39137ECEAF19}.33|Any CPU.Build.0 = Release|Any CPU
		{F08CED5E-00B5-4508-BA65-39137ECEAF19}.Debug|Any CPU.ActiveCfg = Debug|Any CPU
		{F08CED5E-00B5-4508-BA65-39137ECEAF19}.Debug|Any CPU.Build.0 = Debug|Any CPU
		{F08CED5E-00B5-4508-BA65-39137ECEAF19}.Release|Any CPU.ActiveCfg = Release|Any CPU
		{F08CED5E-00B5-4508-BA65-39137ECEAF19}.Release|Any CPU.Build.0 = Release|Any CPU
		{F2AB7F8C-CEA9-4196-B283-19BCD5E81B57}.33|Any CPU.ActiveCfg = Release|Any CPU
		{F2AB7F8C-CEA9-4196-B283-19BCD5E81B57}.33|Any CPU.Build.0 = Release|Any CPU
		{F2AB7F8C-CEA9-4196-B283-19BCD5E81B57}.Debug|Any CPU.ActiveCfg = Debug|Any CPU
		{F2AB7F8C-CEA9-4196-B283-19BCD5E81B57}.Debug|Any CPU.Build.0 = Debug|Any CPU
		{F2AB7F8C-CEA9-4196-B283-19BCD5E81B57}.Release|Any CPU.ActiveCfg = Release|Any CPU
		{F2AB7F8C-CEA9-4196-B283-19BCD5E81B57}.Release|Any CPU.Build.0 = Release|Any CPU
		{E281D457-F259-4F0B-8608-16C81D8AE97B}.33|Any CPU.ActiveCfg = Release|Any CPU
		{E281D457-F259-4F0B-8608-16C81D8AE97B}.33|Any CPU.Build.0 = Release|Any CPU
		{E281D457-F259-4F0B-8608-16C81D8AE97B}.Debug|Any CPU.ActiveCfg = Debug|Any CPU
		{E281D457-F259-4F0B-8608-16C81D8AE97B}.Debug|Any CPU.Build.0 = Debug|Any CPU
		{E281D457-F259-4F0B-8608-16C81D8AE97B}.Release|Any CPU.ActiveCfg = Release|Any CPU
		{E281D457-F259-4F0B-8608-16C81D8AE97B}.Release|Any CPU.Build.0 = Release|Any CPU
		{549F91A2-46BB-45D8-9DF7-B570CB1C4756}.33|Any CPU.ActiveCfg = Debug|Any CPU
		{549F91A2-46BB-45D8-9DF7-B570CB1C4756}.33|Any CPU.Build.0 = Debug|Any CPU
		{549F91A2-46BB-45D8-9DF7-B570CB1C4756}.Debug|Any CPU.ActiveCfg = Debug|Any CPU
		{549F91A2-46BB-45D8-9DF7-B570CB1C4756}.Debug|Any CPU.Build.0 = Debug|Any CPU
		{549F91A2-46BB-45D8-9DF7-B570CB1C4756}.Release|Any CPU.ActiveCfg = Debug|Any CPU
		{549F91A2-46BB-45D8-9DF7-B570CB1C4756}.Release|Any CPU.Build.0 = Debug|Any CPU
		{55EDCA4D-E79E-45C7-8BD2-C9D9AFFCEE3F}.33|Any CPU.ActiveCfg = Debug|Any CPU
		{55EDCA4D-E79E-45C7-8BD2-C9D9AFFCEE3F}.33|Any CPU.Build.0 = Debug|Any CPU
		{55EDCA4D-E79E-45C7-8BD2-C9D9AFFCEE3F}.Debug|Any CPU.ActiveCfg = Debug|Any CPU
		{55EDCA4D-E79E-45C7-8BD2-C9D9AFFCEE3F}.Debug|Any CPU.Build.0 = Debug|Any CPU
		{55EDCA4D-E79E-45C7-8BD2-C9D9AFFCEE3F}.Release|Any CPU.ActiveCfg = Debug|Any CPU
		{55EDCA4D-E79E-45C7-8BD2-C9D9AFFCEE3F}.Release|Any CPU.Build.0 = Debug|Any CPU
	EndGlobalSection
	GlobalSection(SolutionProperties) = preSolution
		HideSolutionNode = FALSE
	EndGlobalSection
	GlobalSection(TeamFoundationVersionControl) = preSolution
		SccNumberOfProjects = 9
		SccEnterpriseProvider = {4CA58AB2-18FA-4F8D-95D4-32DDF27D184C}
		SccTeamFoundationServer = http://116.255.167.132:8080/tfs/anli
		SccProjectUniqueName0 = ..\\..\\..\\..\\anli\\商家公共平台\\Web\\Web\\管理后台.csproj
		SccProjectName0 = ../商家公共平台/Web/Web
		SccAuxPath0 = http://116.255.167.132:8080/tfs/anli
		SccLocalPath0 = ..\\..\\..\\..\\anli\\商家公共平台\\Web\\Web
		SccProvider0 = {4CA58AB2-18FA-4F8D-95D4-32DDF27D184C}
		SccProjectUniqueName1 = ..\\..\\..\\..\\anli\\商家公共平台\\Ajax\\Ajax.csproj
		SccProjectName1 = ../商家公共平台/Ajax
		SccAuxPath1 = http://116.255.167.132:8080/tfs/anli
		SccLocalPath1 = ..\\..\\..\\..\\anli\\商家公共平台\\Ajax
		SccProvider1 = {4CA58AB2-18FA-4F8D-95D4-32DDF27D184C}
		SccProjectUniqueName2 = ..\\..\\..\\..\\anli\\商家公共平台\\BLL\\BLL.csproj
		SccProjectName2 = ../商家公共平台/BLL
		SccAuxPath2 = http://116.255.167.132:8080/tfs/anli
		SccLocalPath2 = ..\\..\\..\\..\\anli\\商家公共平台\\BLL
		SccProvider2 = {4CA58AB2-18FA-4F8D-95D4-32DDF27D184C}
		SccProjectUniqueName3 = ..\\..\\..\\..\\anli\\商家公共平台\\Common\\Common.csproj
		SccProjectName3 = ../商家公共平台/Common
		SccAuxPath3 = http://116.255.167.132:8080/tfs/anli
		SccLocalPath3 = ..\\..\\..\\..\\anli\\商家公共平台\\Common
		SccProvider3 = {4CA58AB2-18FA-4F8D-95D4-32DDF27D184C}
		SccProjectUniqueName4 = ..\\..\\..\\..\\anli\\商家公共平台\\BPage\\BPage.csproj
		SccProjectName4 = ../商家公共平台/BPage
		SccAuxPath4 = http://116.255.167.132:8080/tfs/anli
		SccLocalPath4 = ..\\..\\..\\..\\anli\\商家公共平台\\BPage
		SccProvider4 = {4CA58AB2-18FA-4F8D-95D4-32DDF27D184C}
		SccProjectUniqueName5 = ..\\..\\..\\..\\anli\\商家公共平台\\Model\\Model.csproj
		SccProjectName5 = ../商家公共平台/Model
		SccAuxPath5 = http://116.255.167.132:8080/tfs/anli
		SccLocalPath5 = ..\\..\\..\\..\\anli\\商家公共平台\\Model
		SccProvider5 = {4CA58AB2-18FA-4F8D-95D4-32DDF27D184C}
		SccProjectUniqueName6 = ..\\..\\..\\..\\anli\\商家公共平台\\DAL\\DAL.csproj
		SccProjectName6 = ../商家公共平台/DAL
		SccAuxPath6 = http://116.255.167.132:8080/tfs/anli
		SccLocalPath6 = ..\\..\\..\\..\\anli\\商家公共平台\\DAL
		SccProvider6 = {4CA58AB2-18FA-4F8D-95D4-32DDF27D184C}
		SccProjectUniqueName7 = ..\\..\\..\\..\\anli\\商家公共平台\\DBTools\\DBTools.csproj
		SccProjectName7 = ../商家公共平台/DBTools
		SccAuxPath7 = http://116.255.167.132:8080/tfs/anli
		SccLocalPath7 = ..\\..\\..\\..\\anli\\商家公共平台\\DBTools
		SccProvider7 = {4CA58AB2-18FA-4F8D-95D4-32DDF27D184C}
		SccProjectUniqueName8 = ..\\..\\..\\..\\anli\\商家公共平台\\cn.jpush.api\\cn.jpush.api.csproj
		SccProjectName8 = ../商家公共平台/cn.jpush.api
		SccAuxPath8 = http://116.255.167.132:8080/tfs/anli
		SccLocalPath8 = ..\\..\\..\\..\\anli\\商家公共平台\\cn.jpush.api
		SccProvider8 = {4CA58AB2-18FA-4F8D-95D4-32DDF27D184C}
	EndGlobalSection
EndGlobal
